
Microsoft Visual Studio Solution File, Format Version 12.00
# Visual Studio Version 17
VisualStudioVersion = 17.0.31903.59
MinimumVisualStudioVersion = 10.0.40219.1
Project("{2150E333-8FDC-42A3-9474-1A3956D46DE8}") = "services", "services", "{5854FF58-B8C5-05C6-5BF2-ACE42193F22B}"
EndProject
Project("{2150E333-8FDC-42A3-9474-1A3956D46DE8}") = "auth-service", "auth-service", "{7F6C3B85-1376-B120-7EF4-00D42A28B76F}"
EndProject
Project("{2150E333-8FDC-42A3-9474-1A3956D46DE8}") = "src", "src", "{8B0A4229-D05D-725C-CCF4-4343A7684B82}"
EndProject
Project("{FAE04EC0-301F-11D3-BF4B-00C04F79EFBC}") = "AuthService", "services\auth-service\src\AuthService.csproj", "{5C838C8B-F6FF-4093-A42E-54F5B14C9E03}"
EndProject
Project("{FAE04EC0-301F-11D3-BF4B-00C04F79EFBC}") = "UserService", "services\user-service\src\UserService\UserService.csproj", "{28B49A2A-4D75-41BC-8918-B3593EFC1608}"
EndProject
Project("{FAE04EC0-301F-11D3-BF4B-00C04F79EFBC}") = "AdminService", "services\admin-service\src\AdminService.csproj", "{C45C9CCC-3443-4F1B-8350-337E59B41F96}"
EndProject
Project("{FAE04EC0-301F-11D3-BF4B-00C04F79EFBC}") = "BillingService", "services\billing-service\src\BillingService\BillingService.csproj", "{9BC4E94F-3E57-4496-B8CA-8D5CA13E3C5E}"
EndProject
Project("{FAE04EC0-301F-11D3-BF4B-00C04F79EFBC}") = "GeneratorService", "services\generator-service\src\GeneratorService.csproj", "{D2F4659D-AF50-4F03-846D-468E90066AB8}"
EndProject
Project("{FAE04EC0-301F-11D3-BF4B-00C04F79EFBC}") = "MediaService", "services\media-service\src\MediaService.csproj", "{F9ACAFEF-7220-4759-A9FC-499AA4E9E8EC}"
EndProject
Project("{FAE04EC0-301F-11D3-BF4B-00C04F79EFBC}") = "CacheService", "services\cache-service\src\CacheService\CacheService.csproj", "{640BEAA5-9B36-41BD-9AA1-51C6656F7F71}"
EndProject
Project("{FAE04EC0-301F-11D3-BF4B-00C04F79EFBC}") = "ExportService.Api", "services\export-service\src\ExportService.Api\ExportService.Api.csproj", "{44C15156-A173-43E0-9350-2E559D0F4F2C}"
EndProject
Project("{FAE04EC0-301F-11D3-BF4B-00C04F79EFBC}") = "ExportService.Application", "services\export-service\src\ExportService.Application\ExportService.Application.csproj", "{EE9EDE4C-A6F8-44CE-80E1-CFF78D60ED7B}"
EndProject
Project("{FAE04EC0-301F-11D3-BF4B-00C04F79EFBC}") = "ExportService.Domain", "services\export-service\src\ExportService.Domain\ExportService.Domain.csproj", "{86808D11-13EA-4E12-9C84-FC072B07EDF6}"
EndProject
Project("{FAE04EC0-301F-11D3-BF4B-00C04F79EFBC}") = "ExportService.Infrastructure", "services\export-service\src\ExportService.Infrastructure\ExportService.Infrastructure.csproj", "{00D5B485-4E9D-4D36-8589-92DCCFB1812B}"
EndProject
Project("{FAE04EC0-301F-11D3-BF4B-00C04F79EFBC}") = "EditorService", "services\editor-service\src\EditorService.csproj", "{F2B9C7D5-DB85-434E-9C72-ABF5B2893CDE}"
EndProject
Project("{FAE04EC0-301F-11D3-BF4B-00C04F79EFBC}") = "ProjectService.Api", "services\ProjectService\src\ProjectService.Api\ProjectService.Api.csproj", "{51983D63-20FC-4C15-9283-4CDFAFA9D710}"
EndProject
Project("{FAE04EC0-301F-11D3-BF4B-00C04F79EFBC}") = "ProjectService.Application", "services\ProjectService\src\ProjectService.Application\ProjectService.Application.csproj", "{E43487C9-B290-48C7-A645-AFCC9CC2A447}"
EndProject
Project("{FAE04EC0-301F-11D3-BF4B-00C04F79EFBC}") = "ProjectService.Domain", "services\ProjectService\src\ProjectService.Domain\ProjectService.Domain.csproj", "{1B7E8910-EDAB-45C3-B517-353FC1F33A4E}"
EndProject
Project("{FAE04EC0-301F-11D3-BF4B-00C04F79EFBC}") = "ProjectService.Infrastructure", "services\ProjectService\src\ProjectService.Infrastructure\ProjectService.Infrastructure.csproj", "{001DC79D-6222-4C8A-9BCC-6F8AC6315258}"
EndProject
Project("{FAE04EC0-301F-11D3-BF4B-00C04F79EFBC}") = "TemplateService.Api", "services\template-service\src\TemplateService.Api\TemplateService.Api.csproj", "{DF724D69-4F4F-4604-B5B8-64B1B452AC87}"
EndProject
Project("{FAE04EC0-301F-11D3-BF4B-00C04F79EFBC}") = "TemplateService.Application", "services\template-service\src\TemplateService.Application\TemplateService.Application.csproj", "{0309FB8F-BB32-4FE8-AF13-DF0E589CA95C}"
EndProject
Project("{FAE04EC0-301F-11D3-BF4B-00C04F79EFBC}") = "TemplateService.Domain", "services\template-service\src\TemplateService.Domain\TemplateService.Domain.csproj", "{FC15BC65-E28F-48BB-ABA6-86BCE73599B6}"
EndProject
Project("{FAE04EC0-301F-11D3-BF4B-00C04F79EFBC}") = "TemplateService.Infrastructure", "services\template-service\src\TemplateService.Infrastructure\TemplateService.Infrastructure.csproj", "{B2DEDF36-65E6-497A-88C5-FA569CF6B72F}"
EndProject
Project("{FAE04EC0-301F-11D3-BF4B-00C04F79EFBC}") = "PublishService.WebAPI", "services\publish-service\src\WebAPI\PublishService.WebAPI.csproj", "{089CEA0E-2B96-40AD-89CC-27315066410D}"
EndProject
Project("{FAE04EC0-301F-11D3-BF4B-00C04F79EFBC}") = "PublishService.Application", "services\publish-service\src\Application\PublishService.Application.csproj", "{D9C981F1-AB0A-46E0-ACE1-0A88F6BD2E25}"
EndProject
Project("{FAE04EC0-301F-11D3-BF4B-00C04F79EFBC}") = "PublishService.Domain", "services\publish-service\src\Domain\PublishService.Domain.csproj", "{56145C2E-D18D-4598-B9AE-D663482FD015}"
EndProject
Project("{FAE04EC0-301F-11D3-BF4B-00C04F79EFBC}") = "PublishService.Infrastructure", "services\publish-service\src\Infrastructure\PublishService.Infrastructure.csproj", "{73FE742D-481C-4E5B-B6FD-98BF412B11F2}"
EndProject
Project("{FAE04EC0-301F-11D3-BF4B-00C04F79EFBC}") = "YarpGateway", "gateway\yarp-gateway\src\YarpGateway.csproj", "{CE73080E-7A53-4760-B264-8E9BF228E39B}"
EndProject
Global
	GlobalSection(SolutionConfigurationPlatforms) = preSolution
		Debug|Any CPU = Debug|Any CPU
		Debug|x64 = Debug|x64
		Debug|x86 = Debug|x86
		Release|Any CPU = Release|Any CPU
		Release|x64 = Release|x64
		Release|x86 = Release|x86
	EndGlobalSection
	GlobalSection(ProjectConfigurationPlatforms) = postSolution
		{5C838C8B-F6FF-4093-A42E-54F5B14C9E03}.Debug|Any CPU.ActiveCfg = Debug|Any CPU
		{5C838C8B-F6FF-4093-A42E-54F5B14C9E03}.Debug|Any CPU.Build.0 = Debug|Any CPU
		{5C838C8B-F6FF-4093-A42E-54F5B14C9E03}.Debug|x64.ActiveCfg = Debug|Any CPU
		{5C838C8B-F6FF-4093-A42E-54F5B14C9E03}.Debug|x64.Build.0 = Debug|Any CPU
		{5C838C8B-F6FF-4093-A42E-54F5B14C9E03}.Debug|x86.ActiveCfg = Debug|Any CPU
		{5C838C8B-F6FF-4093-A42E-54F5B14C9E03}.Debug|x86.Build.0 = Debug|Any CPU
		{5C838C8B-F6FF-4093-A42E-54F5B14C9E03}.Release|Any CPU.ActiveCfg = Release|Any CPU
		{5C838C8B-F6FF-4093-A42E-54F5B14C9E03}.Release|Any CPU.Build.0 = Release|Any CPU
		{5C838C8B-F6FF-4093-A42E-54F5B14C9E03}.Release|x64.ActiveCfg = Release|Any CPU
		{5C838C8B-F6FF-4093-A42E-54F5B14C9E03}.Release|x64.Build.0 = Release|Any CPU
		{5C838C8B-F6FF-4093-A42E-54F5B14C9E03}.Release|x86.ActiveCfg = Release|Any CPU
		{5C838C8B-F6FF-4093-A42E-54F5B14C9E03}.Release|x86.Build.0 = Release|Any CPU
		{28B49A2A-4D75-41BC-8918-B3593EFC1608}.Debug|Any CPU.ActiveCfg = Debug|Any CPU
		{28B49A2A-4D75-41BC-8918-B3593EFC1608}.Debug|Any CPU.Build.0 = Debug|Any CPU
		{28B49A2A-4D75-41BC-8918-B3593EFC1608}.Debug|x64.ActiveCfg = Debug|Any CPU
		{28B49A2A-4D75-41BC-8918-B3593EFC1608}.Debug|x64.Build.0 = Debug|Any CPU
		{28B49A2A-4D75-41BC-8918-B3593EFC1608}.Debug|x86.ActiveCfg = Debug|Any CPU
		{28B49A2A-4D75-41BC-8918-B3593EFC1608}.Debug|x86.Build.0 = Debug|Any CPU
		{28B49A2A-4D75-41BC-8918-B3593EFC1608}.Release|Any CPU.ActiveCfg = Release|Any CPU
		{28B49A2A-4D75-41BC-8918-B3593EFC1608}.Release|Any CPU.Build.0 = Release|Any CPU
		{28B49A2A-4D75-41BC-8918-B3593EFC1608}.Release|x64.ActiveCfg = Release|Any CPU
		{28B49A2A-4D75-41BC-8918-B3593EFC1608}.Release|x64.Build.0 = Release|Any CPU
		{28B49A2A-4D75-41BC-8918-B3593EFC1608}.Release|x86.ActiveCfg = Release|Any CPU
		{28B49A2A-4D75-41BC-8918-B3593EFC1608}.Release|x86.Build.0 = Release|Any CPU
		{C45C9CCC-3443-4F1B-8350-337E59B41F96}.Debug|Any CPU.ActiveCfg = Debug|Any CPU
		{C45C9CCC-3443-4F1B-8350-337E59B41F96}.Debug|Any CPU.Build.0 = Debug|Any CPU
		{C45C9CCC-3443-4F1B-8350-337E59B41F96}.Debug|x64.ActiveCfg = Debug|Any CPU
		{C45C9CCC-3443-4F1B-8350-337E59B41F96}.Debug|x64.Build.0 = Debug|Any CPU
		{C45C9CCC-3443-4F1B-8350-337E59B41F96}.Debug|x86.ActiveCfg = Debug|Any CPU
		{C45C9CCC-3443-4F1B-8350-337E59B41F96}.Debug|x86.Build.0 = Debug|Any CPU
		{C45C9CCC-3443-4F1B-8350-337E59B41F96}.Release|Any CPU.ActiveCfg = Release|Any CPU
		{C45C9CCC-3443-4F1B-8350-337E59B41F96}.Release|Any CPU.Build.0 = Release|Any CPU
		{C45C9CCC-3443-4F1B-8350-337E59B41F96}.Release|x64.ActiveCfg = Release|Any CPU
		{C45C9CCC-3443-4F1B-8350-337E59B41F96}.Release|x64.Build.0 = Release|Any CPU
		{C45C9CCC-3443-4F1B-8350-337E59B41F96}.Release|x86.ActiveCfg = Release|Any CPU
		{C45C9CCC-3443-4F1B-8350-337E59B41F96}.Release|x86.Build.0 = Release|Any CPU
		{9BC4E94F-3E57-4496-B8CA-8D5CA13E3C5E}.Debug|Any CPU.ActiveCfg = Debug|Any CPU
		{9BC4E94F-3E57-4496-B8CA-8D5CA13E3C5E}.Debug|Any CPU.Build.0 = Debug|Any CPU
		{9BC4E94F-3E57-4496-B8CA-8D5CA13E3C5E}.Debug|x64.ActiveCfg = Debug|Any CPU
		{9BC4E94F-3E57-4496-B8CA-8D5CA13E3C5E}.Debug|x64.Build.0 = Debug|Any CPU
		{9BC4E94F-3E57-4496-B8CA-8D5CA13E3C5E}.Debug|x86.ActiveCfg = Debug|Any CPU
		{9BC4E94F-3E57-4496-B8CA-8D5CA13E3C5E}.Debug|x86.Build.0 = Debug|Any CPU
		{9BC4E94F-3E57-4496-B8CA-8D5CA13E3C5E}.Release|Any CPU.ActiveCfg = Release|Any CPU
		{9BC4E94F-3E57-4496-B8CA-8D5CA13E3C5E}.Release|Any CPU.Build.0 = Release|Any CPU
		{9BC4E94F-3E57-4496-B8CA-8D5CA13E3C5E}.Release|x64.ActiveCfg = Release|Any CPU
		{9BC4E94F-3E57-4496-B8CA-8D5CA13E3C5E}.Release|x64.Build.0 = Release|Any CPU
		{9BC4E94F-3E57-4496-B8CA-8D5CA13E3C5E}.Release|x86.ActiveCfg = Release|Any CPU
		{9BC4E94F-3E57-4496-B8CA-8D5CA13E3C5E}.Release|x86.Build.0 = Release|Any CPU
		{D2F4659D-AF50-4F03-846D-468E90066AB8}.Debug|Any CPU.ActiveCfg = Debug|Any CPU
		{D2F4659D-AF50-4F03-846D-468E90066AB8}.Debug|Any CPU.Build.0 = Debug|Any CPU
		{D2F4659D-AF50-4F03-846D-468E90066AB8}.Debug|x64.ActiveCfg = Debug|Any CPU
		{D2F4659D-AF50-4F03-846D-468E90066AB8}.Debug|x64.Build.0 = Debug|Any CPU
		{D2F4659D-AF50-4F03-846D-468E90066AB8}.Debug|x86.ActiveCfg = Debug|Any CPU
		{D2F4659D-AF50-4F03-846D-468E90066AB8}.Debug|x86.Build.0 = Debug|Any CPU
		{D2F4659D-AF50-4F03-846D-468E90066AB8}.Release|Any CPU.ActiveCfg = Release|Any CPU
		{D2F4659D-AF50-4F03-846D-468E90066AB8}.Release|Any CPU.Build.0 = Release|Any CPU
		{D2F4659D-AF50-4F03-846D-468E90066AB8}.Release|x64.ActiveCfg = Release|Any CPU
		{D2F4659D-AF50-4F03-846D-468E90066AB8}.Release|x64.Build.0 = Release|Any CPU
		{D2F4659D-AF50-4F03-846D-468E90066AB8}.Release|x86.ActiveCfg = Release|Any CPU
		{D2F4659D-AF50-4F03-846D-468E90066AB8}.Release|x86.Build.0 = Release|Any CPU
		{F9ACAFEF-7220-4759-A9FC-499AA4E9E8EC}.Debug|Any CPU.ActiveCfg = Debug|Any CPU
		{F9ACAFEF-7220-4759-A9FC-499AA4E9E8EC}.Debug|Any CPU.Build.0 = Debug|Any CPU
		{F9ACAFEF-7220-4759-A9FC-499AA4E9E8EC}.Debug|x64.ActiveCfg = Debug|Any CPU
		{F9ACAFEF-7220-4759-A9FC-499AA4E9E8EC}.Debug|x64.Build.0 = Debug|Any CPU
		{F9ACAFEF-7220-4759-A9FC-499AA4E9E8EC}.Debug|x86.ActiveCfg = Debug|Any CPU
		{F9ACAFEF-7220-4759-A9FC-499AA4E9E8EC}.Debug|x86.Build.0 = Debug|Any CPU
		{F9ACAFEF-7220-4759-A9FC-499AA4E9E8EC}.Release|Any CPU.ActiveCfg = Release|Any CPU
		{F9ACAFEF-7220-4759-A9FC-499AA4E9E8EC}.Release|Any CPU.Build.0 = Release|Any CPU
		{F9ACAFEF-7220-4759-A9FC-499AA4E9E8EC}.Release|x64.ActiveCfg = Release|Any CPU
		{F9ACAFEF-7220-4759-A9FC-499AA4E9E8EC}.Release|x64.Build.0 = Release|Any CPU
		{F9ACAFEF-7220-4759-A9FC-499AA4E9E8EC}.Release|x86.ActiveCfg = Release|Any CPU
		{F9ACAFEF-7220-4759-A9FC-499AA4E9E8EC}.Release|x86.Build.0 = Release|Any CPU
		{640BEAA5-9B36-41BD-9AA1-51C6656F7F71}.Debug|Any CPU.ActiveCfg = Debug|Any CPU
		{640BEAA5-9B36-41BD-9AA1-51C6656F7F71}.Debug|Any CPU.Build.0 = Debug|Any CPU
		{640BEAA5-9B36-41BD-9AA1-51C6656F7F71}.Debug|x64.ActiveCfg = Debug|Any CPU
		{640BEAA5-9B36-41BD-9AA1-51C6656F7F71}.Debug|x64.Build.0 = Debug|Any CPU
		{640BEAA5-9B36-41BD-9AA1-51C6656F7F71}.Debug|x86.ActiveCfg = Debug|Any CPU
		{640BEAA5-9B36-41BD-9AA1-51C6656F7F71}.Debug|x86.Build.0 = Debug|Any CPU
		{640BEAA5-9B36-41BD-9AA1-51C6656F7F71}.Release|Any CPU.ActiveCfg = Release|Any CPU
		{640BEAA5-9B36-41BD-9AA1-51C6656F7F71}.Release|Any CPU.Build.0 = Release|Any CPU
		{640BEAA5-9B36-41BD-9AA1-51C6656F7F71}.Release|x64.ActiveCfg = Release|Any CPU
		{640BEAA5-9B36-41BD-9AA1-51C6656F7F71}.Release|x64.Build.0 = Release|Any CPU
		{640BEAA5-9B36-41BD-9AA1-51C6656F7F71}.Release|x86.ActiveCfg = Release|Any CPU
		{640BEAA5-9B36-41BD-9AA1-51C6656F7F71}.Release|x86.Build.0 = Release|Any CPU
		{44C15156-A173-43E0-9350-2E559D0F4F2C}.Debug|Any CPU.ActiveCfg = Debug|Any CPU
		{44C15156-A173-43E0-9350-2E559D0F4F2C}.Debug|Any CPU.Build.0 = Debug|Any CPU
		{44C15156-A173-43E0-9350-2E559D0F4F2C}.Debug|x64.ActiveCfg = Debug|Any CPU
		{44C15156-A173-43E0-9350-2E559D0F4F2C}.Debug|x64.Build.0 = Debug|Any CPU
		{44C15156-A173-43E0-9350-2E559D0F4F2C}.Debug|x86.ActiveCfg = Debug|Any CPU
		{44C15156-A173-43E0-9350-2E559D0F4F2C}.Debug|x86.Build.0 = Debug|Any CPU
		{44C15156-A173-43E0-9350-2E559D0F4F2C}.Release|Any CPU.ActiveCfg = Release|Any CPU
		{44C15156-A173-43E0-9350-2E559D0F4F2C}.Release|Any CPU.Build.0 = Release|Any CPU
		{44C15156-A173-43E0-9350-2E559D0F4F2C}.Release|x64.ActiveCfg = Release|Any CPU
		{44C15156-A173-43E0-9350-2E559D0F4F2C}.Release|x64.Build.0 = Release|Any CPU
		{44C15156-A173-43E0-9350-2E559D0F4F2C}.Release|x86.ActiveCfg = Release|Any CPU
		{44C15156-A173-43E0-9350-2E559D0F4F2C}.Release|x86.Build.0 = Release|Any CPU
		{EE9EDE4C-A6F8-44CE-80E1-CFF78D60ED7B}.Debug|Any CPU.ActiveCfg = Debug|Any CPU
		{EE9EDE4C-A6F8-44CE-80E1-CFF78D60ED7B}.Debug|Any CPU.Build.0 = Debug|Any CPU
		{EE9EDE4C-A6F8-44CE-80E1-CFF78D60ED7B}.Debug|x64.ActiveCfg = Debug|Any CPU
		{EE9EDE4C-A6F8-44CE-80E1-CFF78D60ED7B}.Debug|x64.Build.0 = Debug|Any CPU
		{EE9EDE4C-A6F8-44CE-80E1-CFF78D60ED7B}.Debug|x86.ActiveCfg = Debug|Any CPU
		{EE9EDE4C-A6F8-44CE-80E1-CFF78D60ED7B}.Debug|x86.Build.0 = Debug|Any CPU
		{EE9EDE4C-A6F8-44CE-80E1-CFF78D60ED7B}.Release|Any CPU.ActiveCfg = Release|Any CPU
		{EE9EDE4C-A6F8-44CE-80E1-CFF78D60ED7B}.Release|Any CPU.Build.0 = Release|Any CPU
		{EE9EDE4C-A6F8-44CE-80E1-CFF78D60ED7B}.Release|x64.ActiveCfg = Release|Any CPU
		{EE9EDE4C-A6F8-44CE-80E1-CFF78D60ED7B}.Release|x64.Build.0 = Release|Any CPU
		{EE9EDE4C-A6F8-44CE-80E1-CFF78D60ED7B}.Release|x86.ActiveCfg = Release|Any CPU
		{EE9EDE4C-A6F8-44CE-80E1-CFF78D60ED7B}.Release|x86.Build.0 = Release|Any CPU
		{86808D11-13EA-4E12-9C84-FC072B07EDF6}.Debug|Any CPU.ActiveCfg = Debug|Any CPU
		{86808D11-13EA-4E12-9C84-FC072B07EDF6}.Debug|Any CPU.Build.0 = Debug|Any CPU
		{86808D11-13EA-4E12-9C84-FC072B07EDF6}.Debug|x64.ActiveCfg = Debug|Any CPU
		{86808D11-13EA-4E12-9C84-FC072B07EDF6}.Debug|x64.Build.0 = Debug|Any CPU
		{86808D11-13EA-4E12-9C84-FC072B07EDF6}.Debug|x86.ActiveCfg = Debug|Any CPU
		{86808D11-13EA-4E12-9C84-FC072B07EDF6}.Debug|x86.Build.0 = Debug|Any CPU
		{86808D11-13EA-4E12-9C84-FC072B07EDF6}.Release|Any CPU.ActiveCfg = Release|Any CPU
		{86808D11-13EA-4E12-9C84-FC072B07EDF6}.Release|Any CPU.Build.0 = Release|Any CPU
		{86808D11-13EA-4E12-9C84-FC072B07EDF6}.Release|x64.ActiveCfg = Release|Any CPU
		{86808D11-13EA-4E12-9C84-FC072B07EDF6}.Release|x64.Build.0 = Release|Any CPU
		{86808D11-13EA-4E12-9C84-FC072B07EDF6}.Release|x86.ActiveCfg = Release|Any CPU
		{86808D11-13EA-4E12-9C84-FC072B07EDF6}.Release|x86.Build.0 = Release|Any CPU
		{00D5B485-4E9D-4D36-8589-92DCCFB1812B}.Debug|Any CPU.ActiveCfg = Debug|Any CPU
		{00D5B485-4E9D-4D36-8589-92DCCFB1812B}.Debug|Any CPU.Build.0 = Debug|Any CPU
		{00D5B485-4E9D-4D36-8589-92DCCFB1812B}.Debug|x64.ActiveCfg = Debug|Any CPU
		{00D5B485-4E9D-4D36-8589-92DCCFB1812B}.Debug|x64.Build.0 = Debug|Any CPU
		{00D5B485-4E9D-4D36-8589-92DCCFB1812B}.Debug|x86.ActiveCfg = Debug|Any CPU
		{00D5B485-4E9D-4D36-8589-92DCCFB1812B}.Debug|x86.Build.0 = Debug|Any CPU
		{00D5B485-4E9D-4D36-8589-92DCCFB1812B}.Release|Any CPU.ActiveCfg = Release|Any CPU
		{00D5B485-4E9D-4D36-8589-92DCCFB1812B}.Release|Any CPU.Build.0 = Release|Any CPU
		{00D5B485-4E9D-4D36-8589-92DCCFB1812B}.Release|x64.ActiveCfg = Release|Any CPU
		{00D5B485-4E9D-4D36-8589-92DCCFB1812B}.Release|x64.Build.0 = Release|Any CPU
		{00D5B485-4E9D-4D36-8589-92DCCFB1812B}.Release|x86.ActiveCfg = Release|Any CPU
		{00D5B485-4E9D-4D36-8589-92DCCFB1812B}.Release|x86.Build.0 = Release|Any CPU
		{F2B9C7D5-DB85-434E-9C72-ABF5B2893CDE}.Debug|Any CPU.ActiveCfg = Debug|Any CPU
		{F2B9C7D5-DB85-434E-9C72-ABF5B2893CDE}.Debug|Any CPU.Build.0 = Debug|Any CPU
		{F2B9C7D5-DB85-434E-9C72-ABF5B2893CDE}.Debug|x64.ActiveCfg = Debug|Any CPU
		{F2B9C7D5-DB85-434E-9C72-ABF5B2893CDE}.Debug|x64.Build.0 = Debug|Any CPU
		{F2B9C7D5-DB85-434E-9C72-ABF5B2893CDE}.Debug|x86.ActiveCfg = Debug|Any CPU
		{F2B9C7D5-DB85-434E-9C72-ABF5B2893CDE}.Debug|x86.Build.0 = Debug|Any CPU
		{F2B9C7D5-DB85-434E-9C72-ABF5B2893CDE}.Release|Any CPU.ActiveCfg = Release|Any CPU
		{F2B9C7D5-DB85-434E-9C72-ABF5B2893CDE}.Release|Any CPU.Build.0 = Release|Any CPU
		{F2B9C7D5-DB85-434E-9C72-ABF5B2893CDE}.Release|x64.ActiveCfg = Release|Any CPU
		{F2B9C7D5-DB85-434E-9C72-ABF5B2893CDE}.Release|x64.Build.0 = Release|Any CPU
		{F2B9C7D5-DB85-434E-9C72-ABF5B2893CDE}.Release|x86.ActiveCfg = Release|Any CPU
		{F2B9C7D5-DB85-434E-9C72-ABF5B2893CDE}.Release|x86.Build.0 = Release|Any CPU
		{51983D63-20FC-4C15-9283-4CDFAFA9D710}.Debug|Any CPU.ActiveCfg = Debug|Any CPU
		{51983D63-20FC-4C15-9283-4CDFAFA9D710}.Debug|Any CPU.Build.0 = Debug|Any CPU
		{51983D63-20FC-4C15-9283-4CDFAFA9D710}.Debug|x64.ActiveCfg = Debug|Any CPU
		{51983D63-20FC-4C15-9283-4CDFAFA9D710}.Debug|x64.Build.0 = Debug|Any CPU
		{51983D63-20FC-4C15-9283-4CDFAFA9D710}.Debug|x86.ActiveCfg = Debug|Any CPU
		{51983D63-20FC-4C15-9283-4CDFAFA9D710}.Debug|x86.Build.0 = Debug|Any CPU
		{51983D63-20FC-4C15-9283-4CDFAFA9D710}.Release|Any CPU.ActiveCfg = Release|Any CPU
		{51983D63-20FC-4C15-9283-4CDFAFA9D710}.Release|Any CPU.Build.0 = Release|Any CPU
		{51983D63-20FC-4C15-9283-4CDFAFA9D710}.Release|x64.ActiveCfg = Release|Any CPU
		{51983D63-20FC-4C15-9283-4CDFAFA9D710}.Release|x64.Build.0 = Release|Any CPU
		{51983D63-20FC-4C15-9283-4CDFAFA9D710}.Release|x86.ActiveCfg = Release|Any CPU
		{51983D63-20FC-4C15-9283-4CDFAFA9D710}.Release|x86.Build.0 = Release|Any CPU
		{E43487C9-B290-48C7-A645-AFCC9CC2A447}.Debug|Any CPU.ActiveCfg = Debug|Any CPU
		{E43487C9-B290-48C7-A645-AFCC9CC2A447}.Debug|Any CPU.Build.0 = Debug|Any CPU
		{E43487C9-B290-48C7-A645-AFCC9CC2A447}.Debug|x64.ActiveCfg = Debug|Any CPU
		{E43487C9-B290-48C7-A645-AFCC9CC2A447}.Debug|x64.Build.0 = Debug|Any CPU
		{E43487C9-B290-48C7-A645-AFCC9CC2A447}.Debug|x86.ActiveCfg = Debug|Any CPU
		{E43487C9-B290-48C7-A645-AFCC9CC2A447}.Debug|x86.Build.0 = Debug|Any CPU
		{E43487C9-B290-48C7-A645-AFCC9CC2A447}.Release|Any CPU.ActiveCfg = Release|Any CPU
		{E43487C9-B290-48C7-A645-AFCC9CC2A447}.Release|Any CPU.Build.0 = Release|Any CPU
		{E43487C9-B290-48C7-A645-AFCC9CC2A447}.Release|x64.ActiveCfg = Release|Any CPU
		{E43487C9-B290-48C7-A645-AFCC9CC2A447}.Release|x64.Build.0 = Release|Any CPU
		{E43487C9-B290-48C7-A645-AFCC9CC2A447}.Release|x86.ActiveCfg = Release|Any CPU
		{E43487C9-B290-48C7-A645-AFCC9CC2A447}.Release|x86.Build.0 = Release|Any CPU
		{1B7E8910-EDAB-45C3-B517-353FC1F33A4E}.Debug|Any CPU.ActiveCfg = Debug|Any CPU
		{1B7E8910-EDAB-45C3-B517-353FC1F33A4E}.Debug|Any CPU.Build.0 = Debug|Any CPU
		{1B7E8910-EDAB-45C3-B517-353FC1F33A4E}.Debug|x64.ActiveCfg = Debug|Any CPU
		{1B7E8910-EDAB-45C3-B517-353FC1F33A4E}.Debug|x64.Build.0 = Debug|Any CPU
		{1B7E8910-EDAB-45C3-B517-353FC1F33A4E}.Debug|x86.ActiveCfg = Debug|Any CPU
		{1B7E8910-EDAB-45C3-B517-353FC1F33A4E}.Debug|x86.Build.0 = Debug|Any CPU
		{1B7E8910-EDAB-45C3-B517-353FC1F33A4E}.Release|Any CPU.ActiveCfg = Release|Any CPU
		{1B7E8910-EDAB-45C3-B517-353FC1F33A4E}.Release|Any CPU.Build.0 = Release|Any CPU
		{1B7E8910-EDAB-45C3-B517-353FC1F33A4E}.Release|x64.ActiveCfg = Release|Any CPU
		{1B7E8910-EDAB-45C3-B517-353FC1F33A4E}.Release|x64.Build.0 = Release|Any CPU
		{1B7E8910-EDAB-45C3-B517-353FC1F33A4E}.Release|x86.ActiveCfg = Release|Any CPU
		{1B7E8910-EDAB-45C3-B517-353FC1F33A4E}.Release|x86.Build.0 = Release|Any CPU
		{001DC79D-6222-4C8A-9BCC-6F8AC6315258}.Debug|Any CPU.ActiveCfg = Debug|Any CPU
		{001DC79D-6222-4C8A-9BCC-6F8AC6315258}.Debug|Any CPU.Build.0 = Debug|Any CPU
		{001DC79D-6222-4C8A-9BCC-6F8AC6315258}.Debug|x64.ActiveCfg = Debug|Any CPU
		{001DC79D-6222-4C8A-9BCC-6F8AC6315258}.Debug|x64.Build.0 = Debug|Any CPU
		{001DC79D-6222-4C8A-9BCC-6F8AC6315258}.Debug|x86.ActiveCfg = Debug|Any CPU
		{001DC79D-6222-4C8A-9BCC-6F8AC6315258}.Debug|x86.Build.0 = Debug|Any CPU
		{001DC79D-6222-4C8A-9BCC-6F8AC6315258}.Release|Any CPU.ActiveCfg = Release|Any CPU
		{001DC79D-6222-4C8A-9BCC-6F8AC6315258}.Release|Any CPU.Build.0 = Release|Any CPU
		{001DC79D-6222-4C8A-9BCC-6F8AC6315258}.Release|x64.ActiveCfg = Release|Any CPU
		{001DC79D-6222-4C8A-9BCC-6F8AC6315258}.Release|x64.Build.0 = Release|Any CPU
		{001DC79D-6222-4C8A-9BCC-6F8AC6315258}.Release|x86.ActiveCfg = Release|Any CPU
		{001DC79D-6222-4C8A-9BCC-6F8AC6315258}.Release|x86.Build.0 = Release|Any CPU
		{DF724D69-4F4F-4604-B5B8-64B1B452AC87}.Debug|Any CPU.ActiveCfg = Debug|Any CPU
		{DF724D69-4F4F-4604-B5B8-64B1B452AC87}.Debug|Any CPU.Build.0 = Debug|Any CPU
		{DF724D69-4F4F-4604-B5B8-64B1B452AC87}.Debug|x64.ActiveCfg = Debug|Any CPU
		{DF724D69-4F4F-4604-B5B8-64B1B452AC87}.Debug|x64.Build.0 = Debug|Any CPU
		{DF724D69-4F4F-4604-B5B8-64B1B452AC87}.Debug|x86.ActiveCfg = Debug|Any CPU
		{DF724D69-4F4F-4604-B5B8-64B1B452AC87}.Debug|x86.Build.0 = Debug|Any CPU
		{DF724D69-4F4F-4604-B5B8-64B1B452AC87}.Release|Any CPU.ActiveCfg = Release|Any CPU
		{DF724D69-4F4F-4604-B5B8-64B1B452AC87}.Release|Any CPU.Build.0 = Release|Any CPU
		{DF724D69-4F4F-4604-B5B8-64B1B452AC87}.Release|x64.ActiveCfg = Release|Any CPU
		{DF724D69-4F4F-4604-B5B8-64B1B452AC87}.Release|x64.Build.0 = Release|Any CPU
		{DF724D69-4F4F-4604-B5B8-64B1B452AC87}.Release|x86.ActiveCfg = Release|Any CPU
		{DF724D69-4F4F-4604-B5B8-64B1B452AC87}.Release|x86.Build.0 = Release|Any CPU
		{0309FB8F-BB32-4FE8-AF13-DF0E589CA95C}.Debug|Any CPU.ActiveCfg = Debug|Any CPU
		{0309FB8F-BB32-4FE8-AF13-DF0E589CA95C}.Debug|Any CPU.Build.0 = Debug|Any CPU
		{0309FB8F-BB32-4FE8-AF13-DF0E589CA95C}.Debug|x64.ActiveCfg = Debug|Any CPU
		{0309FB8F-BB32-4FE8-AF13-DF0E589CA95C}.Debug|x64.Build.0 = Debug|Any CPU
		{0309FB8F-BB32-4FE8-AF13-DF0E589CA95C}.Debug|x86.ActiveCfg = Debug|Any CPU
		{0309FB8F-BB32-4FE8-AF13-DF0E589CA95C}.Debug|x86.Build.0 = Debug|Any CPU
		{0309FB8F-BB32-4FE8-AF13-DF0E589CA95C}.Release|Any CPU.ActiveCfg = Release|Any CPU
		{0309FB8F-BB32-4FE8-AF13-DF0E589CA95C}.Release|Any CPU.Build.0 = Release|Any CPU
		{0309FB8F-BB32-4FE8-AF13-DF0E589CA95C}.Release|x64.ActiveCfg = Release|Any CPU
		{0309FB8F-BB32-4FE8-AF13-DF0E589CA95C}.Release|x64.Build.0 = Release|Any CPU
		{0309FB8F-BB32-4FE8-AF13-DF0E589CA95C}.Release|x86.ActiveCfg = Release|Any CPU
		{0309FB8F-BB32-4FE8-AF13-DF0E589CA95C}.Release|x86.Build.0 = Release|Any CPU
		{FC15BC65-E28F-48BB-ABA6-86BCE73599B6}.Debug|Any CPU.ActiveCfg = Debug|Any CPU
		{FC15BC65-E28F-48BB-ABA6-86BCE73599B6}.Debug|Any CPU.Build.0 = Debug|Any CPU
		{FC15BC65-E28F-48BB-ABA6-86BCE73599B6}.Debug|x64.ActiveCfg = Debug|Any CPU
		{FC15BC65-E28F-48BB-ABA6-86BCE73599B6}.Debug|x64.Build.0 = Debug|Any CPU
		{FC15BC65-E28F-48BB-ABA6-86BCE73599B6}.Debug|x86.ActiveCfg = Debug|Any CPU
		{FC15BC65-E28F-48BB-ABA6-86BCE73599B6}.Debug|x86.Build.0 = Debug|Any CPU
		{FC15BC65-E28F-48BB-ABA6-86BCE73599B6}.Release|Any CPU.ActiveCfg = Release|Any CPU
		{FC15BC65-E28F-48BB-ABA6-86BCE73599B6}.Release|Any CPU.Build.0 = Release|Any CPU
		{FC15BC65-E28F-48BB-ABA6-86BCE73599B6}.Release|x64.ActiveCfg = Release|Any CPU
		{FC15BC65-E28F-48BB-ABA6-86BCE73599B6}.Release|x64.Build.0 = Release|Any CPU
		{FC15BC65-E28F-48BB-ABA6-86BCE73599B6}.Release|x86.ActiveCfg = Release|Any CPU
		{FC15BC65-E28F-48BB-ABA6-86BCE73599B6}.Release|x86.Build.0 = Release|Any CPU
		{B2DEDF36-65E6-497A-88C5-FA569CF6B72F}.Debug|Any CPU.ActiveCfg = Debug|Any CPU
		{B2DEDF36-65E6-497A-88C5-FA569CF6B72F}.Debug|Any CPU.Build.0 = Debug|Any CPU
		{B2DEDF36-65E6-497A-88C5-FA569CF6B72F}.Debug|x64.ActiveCfg = Debug|Any CPU
		{B2DEDF36-65E6-497A-88C5-FA569CF6B72F}.Debug|x64.Build.0 = Debug|Any CPU
		{B2DEDF36-65E6-497A-88C5-FA569CF6B72F}.Debug|x86.ActiveCfg = Debug|Any CPU
		{B2DEDF36-65E6-497A-88C5-FA569CF6B72F}.Debug|x86.Build.0 = Debug|Any CPU
		{B2DEDF36-65E6-497A-88C5-FA569CF6B72F}.Release|Any CPU.ActiveCfg = Release|Any CPU
		{B2DEDF36-65E6-497A-88C5-FA569CF6B72F}.Release|Any CPU.Build.0 = Release|Any CPU
		{B2DEDF36-65E6-497A-88C5-FA569CF6B72F}.Release|x64.ActiveCfg = Release|Any CPU
		{B2DEDF36-65E6-497A-88C5-FA569CF6B72F}.Release|x64.Build.0 = Release|Any CPU
		{B2DEDF36-65E6-497A-88C5-FA569CF6B72F}.Release|x86.ActiveCfg = Release|Any CPU
		{B2DEDF36-65E6-497A-88C5-FA569CF6B72F}.Release|x86.Build.0 = Release|Any CPU
		{089CEA0E-2B96-40AD-89CC-27315066410D}.Debug|Any CPU.ActiveCfg = Debug|Any CPU
		{089CEA0E-2B96-40AD-89CC-27315066410D}.Debug|Any CPU.Build.0 = Debug|Any CPU
		{089CEA0E-2B96-40AD-89CC-27315066410D}.Debug|x64.ActiveCfg = Debug|Any CPU
		{089CEA0E-2B96-40AD-89CC-27315066410D}.Debug|x64.Build.0 = Debug|Any CPU
		{089CEA0E-2B96-40AD-89CC-27315066410D}.Debug|x86.ActiveCfg = Debug|Any CPU
		{089CEA0E-2B96-40AD-89CC-27315066410D}.Debug|x86.Build.0 = Debug|Any CPU
		{089CEA0E-2B96-40AD-89CC-27315066410D}.Release|Any CPU.ActiveCfg = Release|Any CPU
		{089CEA0E-2B96-40AD-89CC-27315066410D}.Release|Any CPU.Build.0 = Release|Any CPU
		{089CEA0E-2B96-40AD-89CC-27315066410D}.Release|x64.ActiveCfg = Release|Any CPU
		{089CEA0E-2B96-40AD-89CC-27315066410D}.Release|x64.Build.0 = Release|Any CPU
		{089CEA0E-2B96-40AD-89CC-27315066410D}.Release|x86.ActiveCfg = Release|Any CPU
		{089CEA0E-2B96-40AD-89CC-27315066410D}.Release|x86.Build.0 = Release|Any CPU
		{D9C981F1-AB0A-46E0-ACE1-0A88F6BD2E25}.Debug|Any CPU.ActiveCfg = Debug|Any CPU
		{D9C981F1-AB0A-46E0-ACE1-0A88F6BD2E25}.Debug|Any CPU.Build.0 = Debug|Any CPU
		{D9C981F1-AB0A-46E0-ACE1-0A88F6BD2E25}.Debug|x64.ActiveCfg = Debug|Any CPU
		{D9C981F1-AB0A-46E0-ACE1-0A88F6BD2E25}.Debug|x64.Build.0 = Debug|Any CPU
		{D9C981F1-AB0A-46E0-ACE1-0A88F6BD2E25}.Debug|x86.ActiveCfg = Debug|Any CPU
		{D9C981F1-AB0A-46E0-ACE1-0A88F6BD2E25}.Debug|x86.Build.0 = Debug|Any CPU
		{D9C981F1-AB0A-46E0-ACE1-0A88F6BD2E25}.Release|Any CPU.ActiveCfg = Release|Any CPU
		{D9C981F1-AB0A-46E0-ACE1-0A88F6BD2E25}.Release|Any CPU.Build.0 = Release|Any CPU
		{D9C981F1-AB0A-46E0-ACE1-0A88F6BD2E25}.Release|x64.ActiveCfg = Release|Any CPU
		{D9C981F1-AB0A-46E0-ACE1-0A88F6BD2E25}.Release|x64.Build.0 = Release|Any CPU
		{D9C981F1-AB0A-46E0-ACE1-0A88F6BD2E25}.Release|x86.ActiveCfg = Release|Any CPU
		{D9C981F1-AB0A-46E0-ACE1-0A88F6BD2E25}.Release|x86.Build.0 = Release|Any CPU
		{56145C2E-D18D-4598-B9AE-D663482FD015}.Debug|Any CPU.ActiveCfg = Debug|Any CPU
		{56145C2E-D18D-4598-B9AE-D663482FD015}.Debug|Any CPU.Build.0 = Debug|Any CPU
		{56145C2E-D18D-4598-B9AE-D663482FD015}.Debug|x64.ActiveCfg = Debug|Any CPU
		{56145C2E-D18D-4598-B9AE-D663482FD015}.Debug|x64.Build.0 = Debug|Any CPU
		{56145C2E-D18D-4598-B9AE-D663482FD015}.Debug|x86.ActiveCfg = Debug|Any CPU
		{56145C2E-D18D-4598-B9AE-D663482FD015}.Debug|x86.Build.0 = Debug|Any CPU
		{56145C2E-D18D-4598-B9AE-D663482FD015}.Release|Any CPU.ActiveCfg = Release|Any CPU
		{56145C2E-D18D-4598-B9AE-D663482FD015}.Release|Any CPU.Build.0 = Release|Any CPU
		{56145C2E-D18D-4598-B9AE-D663482FD015}.Release|x64.ActiveCfg = Release|Any CPU
		{56145C2E-D18D-4598-B9AE-D663482FD015}.Release|x64.Build.0 = Release|Any CPU
		{56145C2E-D18D-4598-B9AE-D663482FD015}.Release|x86.ActiveCfg = Release|Any CPU
		{56145C2E-D18D-4598-B9AE-D663482FD015}.Release|x86.Build.0 = Release|Any CPU
		{73FE742D-481C-4E5B-B6FD-98BF412B11F2}.Debug|Any CPU.ActiveCfg = Debug|Any CPU
		{73FE742D-481C-4E5B-B6FD-98BF412B11F2}.Debug|Any CPU.Build.0 = Debug|Any CPU
		{73FE742D-481C-4E5B-B6FD-98BF412B11F2}.Debug|x64.ActiveCfg = Debug|Any CPU
		{73FE742D-481C-4E5B-B6FD-98BF412B11F2}.Debug|x64.Build.0 = Debug|Any CPU
		{73FE742D-481C-4E5B-B6FD-98BF412B11F2}.Debug|x86.ActiveCfg = Debug|Any CPU
		{73FE742D-481C-4E5B-B6FD-98BF412B11F2}.Debug|x86.Build.0 = Debug|Any CPU
		{73FE742D-481C-4E5B-B6FD-98BF412B11F2}.Release|Any CPU.ActiveCfg = Release|Any CPU
		{73FE742D-481C-4E5B-B6FD-98BF412B11F2}.Release|Any CPU.Build.0 = Release|Any CPU
		{73FE742D-481C-4E5B-B6FD-98BF412B11F2}.Release|x64.ActiveCfg = Release|Any CPU
		{73FE742D-481C-4E5B-B6FD-98BF412B11F2}.Release|x64.Build.0 = Release|Any CPU
		{73FE742D-481C-4E5B-B6FD-98BF412B11F2}.Release|x86.ActiveCfg = Release|Any CPU
		{73FE742D-481C-4E5B-B6FD-98BF412B11F2}.Release|x86.Build.0 = Release|Any CPU
		{CE73080E-7A53-4760-B264-8E9BF228E39B}.Debug|Any CPU.ActiveCfg = Debug|Any CPU
		{CE73080E-7A53-4760-B264-8E9BF228E39B}.Debug|Any CPU.Build.0 = Debug|Any CPU
		{CE73080E-7A53-4760-B264-8E9BF228E39B}.Debug|x64.ActiveCfg = Debug|Any CPU
		{CE73080E-7A53-4760-B264-8E9BF228E39B}.Debug|x64.Build.0 = Debug|Any CPU
		{CE73080E-7A53-4760-B264-8E9BF228E39B}.Debug|x86.ActiveCfg = Debug|Any CPU
		{CE73080E-7A53-4760-B264-8E9BF228E39B}.Debug|x86.Build.0 = Debug|Any CPU
		{CE73080E-7A53-4760-B264-8E9BF228E39B}.Release|Any CPU.ActiveCfg = Release|Any CPU
		{CE73080E-7A53-4760-B264-8E9BF228E39B}.Release|Any CPU.Build.0 = Release|Any CPU
		{CE73080E-7A53-4760-B264-8E9BF228E39B}.Release|x64.ActiveCfg = Release|Any CPU
		{CE73080E-7A53-4760-B264-8E9BF228E39B}.Release|x64.Build.0 = Release|Any CPU
		{CE73080E-7A53-4760-B264-8E9BF228E39B}.Release|x86.ActiveCfg = Release|Any CPU
		{CE73080E-7A53-4760-B264-8E9BF228E39B}.Release|x86.Build.0 = Release|Any CPU
	EndGlobalSection
	GlobalSection(SolutionProperties) = preSolution
		HideSolutionNode = FALSE
	EndGlobalSection
	GlobalSection(NestedProjects) = preSolution
		{7F6C3B85-1376-B120-7EF4-00D42A28B76F} = {5854FF58-B8C5-05C6-5BF2-ACE42193F22B}
		{8B0A4229-D05D-725C-CCF4-4343A7684B82} = {7F6C3B85-1376-B120-7EF4-00D42A28B76F}
		{5C838C8B-F6FF-4093-A42E-54F5B14C9E03} = {8B0A4229-D05D-725C-CCF4-4343A7684B82}
		{28B49A2A-4D75-41BC-8918-B3593EFC1608} = {8B0A4229-D05D-725C-CCF4-4343A7684B82}
		{C45C9CCC-3443-4F1B-8350-337E59B41F96} = {8B0A4229-D05D-725C-CCF4-4343A7684B82}
		{9BC4E94F-3E57-4496-B8CA-8D5CA13E3C5E} = {8B0A4229-D05D-725C-CCF4-4343A7684B82}
		{D2F4659D-AF50-4F03-846D-468E90066AB8} = {8B0A4229-D05D-725C-CCF4-4343A7684B82}
		{F9ACAFEF-7220-4759-A9FC-499AA4E9E8EC} = {8B0A4229-D05D-725C-CCF4-4343A7684B82}
		{640BEAA5-9B36-41BD-9AA1-51C6656F7F71} = {8B0A4229-D05D-725C-CCF4-4343A7684B82}
		{44C15156-A173-43E0-9350-2E559D0F4F2C} = {8B0A4229-D05D-725C-CCF4-4343A7684B82}
		{EE9EDE4C-A6F8-44CE-80E1-CFF78D60ED7B} = {8B0A4229-D05D-725C-CCF4-4343A7684B82}
		{86808D11-13EA-4E12-9C84-FC072B07EDF6} = {8B0A4229-D05D-725C-CCF4-4343A7684B82}
		{00D5B485-4E9D-4D36-8589-92DCCFB1812B} = {8B0A4229-D05D-725C-CCF4-4343A7684B82}
		{F2B9C7D5-DB85-434E-9C72-ABF5B2893CDE} = {8B0A4229-D05D-725C-CCF4-4343A7684B82}
		{51983D63-20FC-4C15-9283-4CDFAFA9D710} = {8B0A4229-D05D-725C-CCF4-4343A7684B82}
		{E43487C9-B290-48C7-A645-AFCC9CC2A447} = {8B0A4229-D05D-725C-CCF4-4343A7684B82}
		{1B7E8910-EDAB-45C3-B517-353FC1F33A4E} = {8B0A4229-D05D-725C-CCF4-4343A7684B82}
		{001DC79D-6222-4C8A-9BCC-6F8AC6315258} = {8B0A4229-D05D-725C-CCF4-4343A7684B82}
		{DF724D69-4F4F-4604-B5B8-64B1B452AC87} = {8B0A4229-D05D-725C-CCF4-4343A7684B82}
		{0309FB8F-BB32-4FE8-AF13-DF0E589CA95C} = {8B0A4229-D05D-725C-CCF4-4343A7684B82}
		{FC15BC65-E28F-48BB-ABA6-86BCE73599B6} = {8B0A4229-D05D-725C-CCF4-4343A7684B82}
		{B2DEDF36-65E6-497A-88C5-FA569CF6B72F} = {8B0A4229-D05D-725C-CCF4-4343A7684B82}
		{089CEA0E-2B96-40AD-89CC-27315066410D} = {8B0A4229-D05D-725C-CCF4-4343A7684B82}
		{D9C981F1-AB0A-46E0-ACE1-0A88F6BD2E25} = {8B0A4229-D05D-725C-CCF4-4343A7684B82}
		{56145C2E-D18D-4598-B9AE-D663482FD015} = {8B0A4229-D05D-725C-CCF4-4343A7684B82}
		{73FE742D-481C-4E5B-B6FD-98BF412B11F2} = {8B0A4229-D05D-725C-CCF4-4343A7684B82}
		{CE73080E-7A53-4760-B264-8E9BF228E39B} = {8B0A4229-D05D-725C-CCF4-4343A7684B82}
	EndGlobalSection
EndGlobal
