
Microsoft Visual Studio Solution File, Format Version 12.00
# Visual Studio Version 17
VisualStudioVersion = 17.8.34309.116
MinimumVisualStudioVersion = 10.0.40219.1
Project("{9A19103F-16F7-4668-BE54-9A1E7A4F7556}") = "PublishService.Domain", "src\Domain\PublishService.Domain.csproj", "{A1E4F5B1-C2D3-4A5B-9F6E-7D8C9B0A1E2F}"
EndProject
Project("{9A19103F-16F7-4668-BE54-9A1E7A4F7556}") = "PublishService.Application", "src\Application\PublishService.Application.csproj", "{B2E5G6C2-D3E4-5B6C-0G7F-8E9D0C1B2F3G}"
EndProject
Project("{9A19103F-16F7-4668-BE54-9A1E7A4F7556}") = "PublishService.Infrastructure", "src\Infrastructure\PublishService.Infrastructure.csproj", "{C3F6H7D3-E4F5-6C7D-1H8G-9F0E1D2C3G4H}"
EndProject
Project("{9A19103F-16F7-4668-BE54-9A1E7A4F7556}") = "PublishService.WebAPI", "src\WebAPI\PublishService.WebAPI.csproj", "{D4G7I8E4-F5G6-7D8E-2I9H-0G1F2E3D4H5I}"
EndProject
Global
	GlobalSection(SolutionConfigurationPlatforms) = preSolution
		Debug|Any CPU = Debug|Any CPU
		Release|Any CPU = Release|Any CPU
	EndGlobalSection
	GlobalSection(ProjectConfigurationPlatforms) = postSolution
		{A1E4F5B1-C2D3-4A5B-9F6E-7D8C9B0A1E2F}.Debug|Any CPU.ActiveCfg = Debug|Any CPU
		{A1E4F5B1-C2D3-4A5B-9F6E-7D8C9B0A1E2F}.Debug|Any CPU.Build.0 = Debug|Any CPU
		{A1E4F5B1-C2D3-4A5B-9F6E-7D8C9B0A1E2F}.Release|Any CPU.ActiveCfg = Release|Any CPU
		{A1E4F5B1-C2D3-4A5B-9F6E-7D8C9B0A1E2F}.Release|Any CPU.Build.0 = Release|Any CPU
		{B2E5G6C2-D3E4-5B6C-0G7F-8E9D0C1B2F3G}.Debug|Any CPU.ActiveCfg = Debug|Any CPU
		{B2E5G6C2-D3E4-5B6C-0G7F-8E9D0C1B2F3G}.Debug|Any CPU.Build.0 = Debug|Any CPU
		{B2E5G6C2-D3E4-5B6C-0G7F-8E9D0C1B2F3G}.Release|Any CPU.ActiveCfg = Release|Any CPU
		{B2E5G6C2-D3E4-5B6C-0G7F-8E9D0C1B2F3G}.Release|Any CPU.Build.0 = Release|Any CPU
		{C3F6H7D3-E4F5-6C7D-1H8G-9F0E1D2C3G4H}.Debug|Any CPU.ActiveCfg = Debug|Any CPU
		{C3F6H7D3-E4F5-6C7D-1H8G-9F0E1D2C3G4H}.Debug|Any CPU.Build.0 = Debug|Any CPU
		{C3F6H7D3-E4F5-6C7D-1H8G-9F0E1D2C3G4H}.Release|Any CPU.ActiveCfg = Release|Any CPU
		{C3F6H7D3-E4F5-6C7D-1H8G-9F0E1D2C3G4H}.Release|Any CPU.Build.0 = Release|Any CPU
		{D4G7I8E4-F5G6-7D8E-2I9H-0G1F2E3D4H5I}.Debug|Any CPU.ActiveCfg = Debug|Any CPU
		{D4G7I8E4-F5G6-7D8E-2I9H-0G1F2E3D4H5I}.Debug|Any CPU.Build.0 = Debug|Any CPU
		{D4G7I8E4-F5G6-7D8E-2I9H-0G1F2E3D4H5I}.Release|Any CPU.ActiveCfg = Release|Any CPU
		{D4G7I8E4-F5G6-7D8E-2I9H-0G1F2E3D4H5I}.Release|Any CPU.Build.0 = Release|Any CPU
	EndGlobalSection
EndGlobal
